
Microsoft Visual Studio Solution File, Format Version 12.00
# Visual Studio Version 16
VisualStudioVersion = 16.0.34407.143
MinimumVisualStudioVersion = 10.0.40219.1
Project("{FAE04EC0-301F-11D3-BF4B-00C04F79EFBC}") = "WindowsFormsApp2", "WindowsFormsApp2.csproj", "{FAF5068F-7D18-46AE-AAE1-83AC8A85F6C3}"
EndProject
Global
	GlobalSection(SolutionConfigurationPlatforms) = preSolution
		Debug|Any CPU = Debug|Any CPU
		Release|Any CPU = Release|Any CPU
	EndGlobalSection
	GlobalSection(ProjectConfigurationPlatforms) = postSolution
		{FAF5068F-7D18-46AE-AAE1-83AC8A85F6C3}.Debug|Any CPU.ActiveCfg = Debug|Any CPU
		{FAF5068F-7D18-46AE-AAE1-83AC8A85F6C3}.Debug|Any CPU.Build.0 = Debug|Any CPU
		{FAF5068F-7D18-46AE-AAE1-83AC8A85F6C3}.Release|Any CPU.ActiveCfg = Release|Any CPU
		{FAF5068F-7D18-46AE-AAE1-83AC8A85F6C3}.Release|Any CPU.Build.0 = Release|Any CPU
	EndGlobalSection
	GlobalSection(SolutionProperties) = preSolution
		HideSolutionNode = FALSE
	EndGlobalSection
	GlobalSection(ExtensibilityGlobals) = postSolution
		SolutionGuid = {F0EDEB82-FE21-4608-8F9F-F38F5576FFBC}
	EndGlobalSection
EndGlobal
